{
  "name": "ai-web-testing-platform-v2",
  "lockfileVersion": 3,
  "requires": true,
  "packages": {
    "": {
      "name": "ai-web-testing-platform-v2",
      "workspaces": [
        "packages/*",
        "apps/*"
      ],
      "devDependencies": {
        "@types/node": "^24.5.2",
        "typescript": "^5.9.2"
      }
    },
    "apps/control-plane": {
      "name": "@aiwtp/control-plane",
      "version": "0.1.0",
      "dependencies": {
        "@aiwtp/web-dsl-schema": "0.1.0",
        "@aiwtp/web-worker": "0.1.0"
      }
    },
    "apps/web-worker": {
      "name": "@aiwtp/web-worker",
      "version": "0.1.0",
      "dependencies": {
        "@aiwtp/dsl-compiler": "0.1.0",
        "@aiwtp/playwright-adapter": "0.1.0",
        "@aiwtp/web-dsl-schema": "0.1.0",
        "playwright-core": "^1.54.2"
      }
    },
    "node_modules/@aiwtp/control-plane": {
      "resolved": "apps/control-plane",
      "link": true
    },
    "node_modules/@aiwtp/dsl-compiler": {
      "resolved": "packages/dsl-compiler",
      "link": true
    },
    "node_modules/@aiwtp/playwright-adapter": {
      "resolved": "packages/playwright-adapter",
      "link": true
    },
    "node_modules/@aiwtp/web-dsl-schema": {
      "resolved": "packages/web-dsl-schema",
      "link": true
    },
    "node_modules/@aiwtp/web-worker": {
      "resolved": "apps/web-worker",
      "link": true
    },
    "node_modules/@types/node": {
      "version": "24.12.0",
      "resolved": "https://registry.npmjs.org/@types/node/-/node-24.12.0.tgz",
      "integrity": "sha512-GYDxsZi3ChgmckRT9HPU0WEhKLP08ev/Yfcq2AstjrDASOYCSXeyjDsHg4v5t4jOj7cyDX3vmprafKlWIG9MXQ==",
      "dev": true,
      "license": "MIT",
      "dependencies": {
        "undici-types": "~7.16.0"
      }
    },
    "node_modules/playwright-core": {
      "version": "1.58.2",
      "resolved": "https://registry.npmjs.org/playwright-core/-/playwright-core-1.58.2.tgz",
      "integrity": "sha512-yZkEtftgwS8CsfYo7nm0KE8jsvm6i/PTgVtB8DL726wNf6H2IMsDuxCpJj59KDaxCtSnrWan2AeDqM7JBaultg==",
      "license": "Apache-2.0",
      "bin": {
        "playwright-core": "cli.js"
      },
      "engines": {
        "node": ">=18"
      }
    },
    "node_modules/typescript": {
      "version": "5.9.3",
      "resolved": "https://registry.npmjs.org/typescript/-/typescript-5.9.3.tgz",
      "integrity": "sha512-jl1vZzPDinLr9eUt3J/t7V6FgNEw9QjvBPdysz9KfQDD41fQrC2Y4vKQdiaUpFT4bXlb1RHhLpp8wtm6M5TgSw==",
      "dev": true,
      "license": "Apache-2.0",
      "bin": {
        "tsc": "bin/tsc",
        "tsserver": "bin/tsserver"
      },
      "engines": {
        "node": ">=14.17"
      }
    },
    "node_modules/undici-types": {
      "version": "7.16.0",
      "resolved": "https://registry.npmjs.org/undici-types/-/undici-types-7.16.0.tgz",
      "integrity": "sha512-Zz+aZWSj8LE6zoxD+xrjh4VfkIG8Ya6LvYkZqtUQGJPZjYl53ypCaUwWqo7eI0x66KBGeRo+mlBEkMSeSZ38Nw==",
      "dev": true,
      "license": "MIT"
    },
    "packages/dsl-compiler": {
      "name": "@aiwtp/dsl-compiler",
      "version": "0.1.0",
      "dependencies": {
        "@aiwtp/web-dsl-schema": "0.1.0"
      }
    },
    "packages/playwright-adapter": {
      "name": "@aiwtp/playwright-adapter",
      "version": "0.1.0",
      "dependencies": {
        "@aiwtp/web-dsl-schema": "0.1.0",
        "playwright-core": "^1.54.2"
      }
    },
    "packages/web-dsl-schema": {
      "name": "@aiwtp/web-dsl-schema",
      "version": "0.1.0"
    }
  }
}
